
Microsoft Visual Studio Solution File, Format Version 12.00
# Visual Studio Version 17
VisualStudioVersion = 17.0.32014.148
MinimumVisualStudioVersion = 10.0.40219.1
Project("{2150E333-8FDC-42A3-9474-1A3956D46DE8}") = "Platforms", "Platforms", "{66BC1E2B-D99A-49E2-8B8F-EF7851493CB0}"
EndProject
Project("{9A19103F-16F7-4668-BE54-9A1E7A4F7556}") = "SecureFolderFS.Sdk", "SecureFolderFS.Sdk\SecureFolderFS.Sdk.csproj", "{3EDA3EAD-176F-4E00-B3D5-966E684E0C9E}"
EndProject
Project("{9A19103F-16F7-4668-BE54-9A1E7A4F7556}") = "SecureFolderFS.Core", "SecureFolderFS.Core\SecureFolderFS.Core.csproj", "{1B9044F7-7332-4803-8F9F-5ED6B056DBD4}"
EndProject
Project("{2150E333-8FDC-42A3-9474-1A3956D46DE8}") = "Core", "Core", "{DA5AA2CC-F4FE-4C7F-B751-F4E6E50B78B5}"
EndProject
Project("{9A19103F-16F7-4668-BE54-9A1E7A4F7556}") = "SecureFolderFS.Shared", "SecureFolderFS.Shared\SecureFolderFS.Shared.csproj", "{AD6D47C4-FCEE-4638-B667-403DD16E5824}"
EndProject
Project("{2150E333-8FDC-42A3-9474-1A3956D46DE8}") = "SecureFolderFS.FileSystems", "SecureFolderFS.FileSystems", "{F2ACE2B7-1599-4769-8FF4-41FA03B25D26}"
EndProject
Project("{2150E333-8FDC-42A3-9474-1A3956D46DE8}") = "Sdk", "Sdk", "{086CDAC6-2730-4F09-BA28-B41F737E6C4D}"
EndProject
Project("{9A19103F-16F7-4668-BE54-9A1E7A4F7556}") = "SecureFolderFS.WinUI", "SecureFolderFS.WinUI\SecureFolderFS.WinUI.csproj", "{F39F513C-C0C6-4038-8279-1CB1FF24A666}"
EndProject
Project("{9A19103F-16F7-4668-BE54-9A1E7A4F7556}") = "SecureFolderFS.Core.Cryptography", "SecureFolderFS.Core.Cryptography\SecureFolderFS.Core.Cryptography.csproj", "{E9A65D92-A183-4A99-B840-C237833E10F1}"
EndProject
Project("{9A19103F-16F7-4668-BE54-9A1E7A4F7556}") = "SecureFolderFS.Sdk.Storage", "SecureFolderFS.Sdk.Storage\SecureFolderFS.Sdk.Storage.csproj", "{9C1735AF-65EA-4F26-8021-E4333B075F43}"
EndProject
Project("{9A19103F-16F7-4668-BE54-9A1E7A4F7556}") = "SecureFolderFS.Core.WebDav", "SecureFolderFS.Core.WebDav\SecureFolderFS.Core.WebDav.csproj", "{D3F757F7-8E51-41DD-9079-893677750CB1}"
EndProject
Project("{9A19103F-16F7-4668-BE54-9A1E7A4F7556}") = "SecureFolderFS.Core.FileSystem", "SecureFolderFS.Core.FileSystem\SecureFolderFS.Core.FileSystem.csproj", "{9E958CE2-A420-4B72-909E-69FB344B7606}"
EndProject
Project("{9A19103F-16F7-4668-BE54-9A1E7A4F7556}") = "SecureFolderFS.Core.Dokany", "SecureFolderFS.Core.Dokany\SecureFolderFS.Core.Dokany.csproj", "{847646C4-3D93-4CE3-9CEB-BFD87174C0F5}"
EndProject
Global
	GlobalSection(SolutionConfigurationPlatforms) = preSolution
		Debug|Any CPU = Debug|Any CPU
		Debug|arm64 = Debug|arm64
		Debug|x64 = Debug|x64
		Debug|x86 = Debug|x86
		Release|Any CPU = Release|Any CPU
		Release|arm64 = Release|arm64
		Release|x64 = Release|x64
		Release|x86 = Release|x86
	EndGlobalSection
	GlobalSection(ProjectConfigurationPlatforms) = postSolution
		{3EDA3EAD-176F-4E00-B3D5-966E684E0C9E}.Debug|Any CPU.ActiveCfg = Debug|Any CPU
		{3EDA3EAD-176F-4E00-B3D5-966E684E0C9E}.Debug|Any CPU.Build.0 = Debug|Any CPU
		{3EDA3EAD-176F-4E00-B3D5-966E684E0C9E}.Debug|arm64.ActiveCfg = Debug|Any CPU
		{3EDA3EAD-176F-4E00-B3D5-966E684E0C9E}.Debug|arm64.Build.0 = Debug|Any CPU
		{3EDA3EAD-176F-4E00-B3D5-966E684E0C9E}.Debug|x64.ActiveCfg = Debug|Any CPU
		{3EDA3EAD-176F-4E00-B3D5-966E684E0C9E}.Debug|x64.Build.0 = Debug|Any CPU
		{3EDA3EAD-176F-4E00-B3D5-966E684E0C9E}.Debug|x86.ActiveCfg = Debug|Any CPU
		{3EDA3EAD-176F-4E00-B3D5-966E684E0C9E}.Debug|x86.Build.0 = Debug|Any CPU
		{3EDA3EAD-176F-4E00-B3D5-966E684E0C9E}.Release|Any CPU.ActiveCfg = Release|Any CPU
		{3EDA3EAD-176F-4E00-B3D5-966E684E0C9E}.Release|Any CPU.Build.0 = Release|Any CPU
		{3EDA3EAD-176F-4E00-B3D5-966E684E0C9E}.Release|arm64.ActiveCfg = Release|Any CPU
		{3EDA3EAD-176F-4E00-B3D5-966E684E0C9E}.Release|arm64.Build.0 = Release|Any CPU
		{3EDA3EAD-176F-4E00-B3D5-966E684E0C9E}.Release|x64.ActiveCfg = Release|Any CPU
		{3EDA3EAD-176F-4E00-B3D5-966E684E0C9E}.Release|x64.Build.0 = Release|Any CPU
		{3EDA3EAD-176F-4E00-B3D5-966E684E0C9E}.Release|x86.ActiveCfg = Release|Any CPU
		{3EDA3EAD-176F-4E00-B3D5-966E684E0C9E}.Release|x86.Build.0 = Release|Any CPU
		{1B9044F7-7332-4803-8F9F-5ED6B056DBD4}.Debug|Any CPU.ActiveCfg = Debug|Any CPU
		{1B9044F7-7332-4803-8F9F-5ED6B056DBD4}.Debug|Any CPU.Build.0 = Debug|Any CPU
		{1B9044F7-7332-4803-8F9F-5ED6B056DBD4}.Debug|arm64.ActiveCfg = Debug|Any CPU
		{1B9044F7-7332-4803-8F9F-5ED6B056DBD4}.Debug|arm64.Build.0 = Debug|Any CPU
		{1B9044F7-7332-4803-8F9F-5ED6B056DBD4}.Debug|x64.ActiveCfg = Debug|x64
		{1B9044F7-7332-4803-8F9F-5ED6B056DBD4}.Debug|x64.Build.0 = Debug|x64
		{1B9044F7-7332-4803-8F9F-5ED6B056DBD4}.Debug|x86.ActiveCfg = Debug|Any CPU
		{1B9044F7-7332-4803-8F9F-5ED6B056DBD4}.Debug|x86.Build.0 = Debug|Any CPU
		{1B9044F7-7332-4803-8F9F-5ED6B056DBD4}.Release|Any CPU.ActiveCfg = Release|Any CPU
		{1B9044F7-7332-4803-8F9F-5ED6B056DBD4}.Release|Any CPU.Build.0 = Release|Any CPU
		{1B9044F7-7332-4803-8F9F-5ED6B056DBD4}.Release|arm64.ActiveCfg = Release|Any CPU
		{1B9044F7-7332-4803-8F9F-5ED6B056DBD4}.Release|arm64.Build.0 = Release|Any CPU
		{1B9044F7-7332-4803-8F9F-5ED6B056DBD4}.Release|x64.ActiveCfg = Release|x64
		{1B9044F7-7332-4803-8F9F-5ED6B056DBD4}.Release|x64.Build.0 = Release|x64
		{1B9044F7-7332-4803-8F9F-5ED6B056DBD4}.Release|x86.ActiveCfg = Release|Any CPU
		{1B9044F7-7332-4803-8F9F-5ED6B056DBD4}.Release|x86.Build.0 = Release|Any CPU
		{AD6D47C4-FCEE-4638-B667-403DD16E5824}.Debug|Any CPU.ActiveCfg = Debug|Any CPU
		{AD6D47C4-FCEE-4638-B667-403DD16E5824}.Debug|Any CPU.Build.0 = Debug|Any CPU
		{AD6D47C4-FCEE-4638-B667-403DD16E5824}.Debug|arm64.ActiveCfg = Debug|Any CPU
		{AD6D47C4-FCEE-4638-B667-403DD16E5824}.Debug|arm64.Build.0 = Debug|Any CPU
		{AD6D47C4-FCEE-4638-B667-403DD16E5824}.Debug|x64.ActiveCfg = Debug|Any CPU
		{AD6D47C4-FCEE-4638-B667-403DD16E5824}.Debug|x64.Build.0 = Debug|Any CPU
		{AD6D47C4-FCEE-4638-B667-403DD16E5824}.Debug|x86.ActiveCfg = Debug|Any CPU
		{AD6D47C4-FCEE-4638-B667-403DD16E5824}.Debug|x86.Build.0 = Debug|Any CPU
		{AD6D47C4-FCEE-4638-B667-403DD16E5824}.Release|Any CPU.ActiveCfg = Release|Any CPU
		{AD6D47C4-FCEE-4638-B667-403DD16E5824}.Release|Any CPU.Build.0 = Release|Any CPU
		{AD6D47C4-FCEE-4638-B667-403DD16E5824}.Release|arm64.ActiveCfg = Release|Any CPU
		{AD6D47C4-FCEE-4638-B667-403DD16E5824}.Release|arm64.Build.0 = Release|Any CPU
		{AD6D47C4-FCEE-4638-B667-403DD16E5824}.Release|x64.ActiveCfg = Release|Any CPU
		{AD6D47C4-FCEE-4638-B667-403DD16E5824}.Release|x64.Build.0 = Release|Any CPU
		{AD6D47C4-FCEE-4638-B667-403DD16E5824}.Release|x86.ActiveCfg = Release|Any CPU
		{AD6D47C4-FCEE-4638-B667-403DD16E5824}.Release|x86.Build.0 = Release|Any CPU
		{F39F513C-C0C6-4038-8279-1CB1FF24A666}.Debug|Any CPU.ActiveCfg = Debug|x64
		{F39F513C-C0C6-4038-8279-1CB1FF24A666}.Debug|Any CPU.Build.0 = Debug|x64
		{F39F513C-C0C6-4038-8279-1CB1FF24A666}.Debug|Any CPU.Deploy.0 = Debug|x64
		{F39F513C-C0C6-4038-8279-1CB1FF24A666}.Debug|arm64.ActiveCfg = Debug|arm64
		{F39F513C-C0C6-4038-8279-1CB1FF24A666}.Debug|arm64.Build.0 = Debug|arm64
		{F39F513C-C0C6-4038-8279-1CB1FF24A666}.Debug|arm64.Deploy.0 = Debug|arm64
		{F39F513C-C0C6-4038-8279-1CB1FF24A666}.Debug|x64.ActiveCfg = Debug|x64
		{F39F513C-C0C6-4038-8279-1CB1FF24A666}.Debug|x64.Build.0 = Debug|x64
		{F39F513C-C0C6-4038-8279-1CB1FF24A666}.Debug|x64.Deploy.0 = Debug|x64
		{F39F513C-C0C6-4038-8279-1CB1FF24A666}.Debug|x86.ActiveCfg = Debug|x86
		{F39F513C-C0C6-4038-8279-1CB1FF24A666}.Debug|x86.Build.0 = Debug|x86
		{F39F513C-C0C6-4038-8279-1CB1FF24A666}.Debug|x86.Deploy.0 = Debug|x86
		{F39F513C-C0C6-4038-8279-1CB1FF24A666}.Release|Any CPU.ActiveCfg = Release|x64
		{F39F513C-C0C6-4038-8279-1CB1FF24A666}.Release|Any CPU.Build.0 = Release|x64
		{F39F513C-C0C6-4038-8279-1CB1FF24A666}.Release|Any CPU.Deploy.0 = Release|x64
		{F39F513C-C0C6-4038-8279-1CB1FF24A666}.Release|arm64.ActiveCfg = Release|arm64
		{F39F513C-C0C6-4038-8279-1CB1FF24A666}.Release|arm64.Build.0 = Release|arm64
		{F39F513C-C0C6-4038-8279-1CB1FF24A666}.Release|arm64.Deploy.0 = Release|arm64
		{F39F513C-C0C6-4038-8279-1CB1FF24A666}.Release|x64.ActiveCfg = Release|x64
		{F39F513C-C0C6-4038-8279-1CB1FF24A666}.Release|x64.Build.0 = Release|x64
		{F39F513C-C0C6-4038-8279-1CB1FF24A666}.Release|x64.Deploy.0 = Release|x64
		{F39F513C-C0C6-4038-8279-1CB1FF24A666}.Release|x86.ActiveCfg = Release|x86
		{F39F513C-C0C6-4038-8279-1CB1FF24A666}.Release|x86.Build.0 = Release|x86
		{F39F513C-C0C6-4038-8279-1CB1FF24A666}.Release|x86.Deploy.0 = Release|x86
		{E9A65D92-A183-4A99-B840-C237833E10F1}.Debug|Any CPU.ActiveCfg = Debug|Any CPU
		{E9A65D92-A183-4A99-B840-C237833E10F1}.Debug|Any CPU.Build.0 = Debug|Any CPU
		{E9A65D92-A183-4A99-B840-C237833E10F1}.Debug|arm64.ActiveCfg = Debug|Any CPU
		{E9A65D92-A183-4A99-B840-C237833E10F1}.Debug|arm64.Build.0 = Debug|Any CPU
		{E9A65D92-A183-4A99-B840-C237833E10F1}.Debug|x64.ActiveCfg = Debug|Any CPU
		{E9A65D92-A183-4A99-B840-C237833E10F1}.Debug|x64.Build.0 = Debug|Any CPU
		{E9A65D92-A183-4A99-B840-C237833E10F1}.Debug|x86.ActiveCfg = Debug|Any CPU
		{E9A65D92-A183-4A99-B840-C237833E10F1}.Debug|x86.Build.0 = Debug|Any CPU
		{E9A65D92-A183-4A99-B840-C237833E10F1}.Release|Any CPU.ActiveCfg = Release|Any CPU
		{E9A65D92-A183-4A99-B840-C237833E10F1}.Release|Any CPU.Build.0 = Release|Any CPU
		{E9A65D92-A183-4A99-B840-C237833E10F1}.Release|arm64.ActiveCfg = Release|Any CPU
		{E9A65D92-A183-4A99-B840-C237833E10F1}.Release|arm64.Build.0 = Release|Any CPU
		{E9A65D92-A183-4A99-B840-C237833E10F1}.Release|x64.ActiveCfg = Release|Any CPU
		{E9A65D92-A183-4A99-B840-C237833E10F1}.Release|x64.Build.0 = Release|Any CPU
		{E9A65D92-A183-4A99-B840-C237833E10F1}.Release|x86.ActiveCfg = Release|Any CPU
		{E9A65D92-A183-4A99-B840-C237833E10F1}.Release|x86.Build.0 = Release|Any CPU
		{9C1735AF-65EA-4F26-8021-E4333B075F43}.Debug|Any CPU.ActiveCfg = Debug|Any CPU
		{9C1735AF-65EA-4F26-8021-E4333B075F43}.Debug|Any CPU.Build.0 = Debug|Any CPU
		{9C1735AF-65EA-4F26-8021-E4333B075F43}.Debug|arm64.ActiveCfg = Debug|Any CPU
		{9C1735AF-65EA-4F26-8021-E4333B075F43}.Debug|arm64.Build.0 = Debug|Any CPU
		{9C1735AF-65EA-4F26-8021-E4333B075F43}.Debug|x64.ActiveCfg = Debug|Any CPU
		{9C1735AF-65EA-4F26-8021-E4333B075F43}.Debug|x64.Build.0 = Debug|Any CPU
		{9C1735AF-65EA-4F26-8021-E4333B075F43}.Debug|x86.ActiveCfg = Debug|Any CPU
		{9C1735AF-65EA-4F26-8021-E4333B075F43}.Debug|x86.Build.0 = Debug|Any CPU
		{9C1735AF-65EA-4F26-8021-E4333B075F43}.Release|Any CPU.ActiveCfg = Release|Any CPU
		{9C1735AF-65EA-4F26-8021-E4333B075F43}.Release|Any CPU.Build.0 = Release|Any CPU
		{9C1735AF-65EA-4F26-8021-E4333B075F43}.Release|arm64.ActiveCfg = Release|Any CPU
		{9C1735AF-65EA-4F26-8021-E4333B075F43}.Release|arm64.Build.0 = Release|Any CPU
		{9C1735AF-65EA-4F26-8021-E4333B075F43}.Release|x64.ActiveCfg = Release|Any CPU
		{9C1735AF-65EA-4F26-8021-E4333B075F43}.Release|x64.Build.0 = Release|Any CPU
		{9C1735AF-65EA-4F26-8021-E4333B075F43}.Release|x86.ActiveCfg = Release|Any CPU
		{9C1735AF-65EA-4F26-8021-E4333B075F43}.Release|x86.Build.0 = Release|Any CPU
		{D3F757F7-8E51-41DD-9079-893677750CB1}.Debug|Any CPU.ActiveCfg = Debug|Any CPU
		{D3F757F7-8E51-41DD-9079-893677750CB1}.Debug|Any CPU.Build.0 = Debug|Any CPU
		{D3F757F7-8E51-41DD-9079-893677750CB1}.Debug|arm64.ActiveCfg = Debug|Any CPU
		{D3F757F7-8E51-41DD-9079-893677750CB1}.Debug|arm64.Build.0 = Debug|Any CPU
		{D3F757F7-8E51-41DD-9079-893677750CB1}.Debug|x64.ActiveCfg = Debug|Any CPU
		{D3F757F7-8E51-41DD-9079-893677750CB1}.Debug|x64.Build.0 = Debug|Any CPU
		{D3F757F7-8E51-41DD-9079-893677750CB1}.Debug|x86.ActiveCfg = Debug|Any CPU
		{D3F757F7-8E51-41DD-9079-893677750CB1}.Debug|x86.Build.0 = Debug|Any CPU
		{D3F757F7-8E51-41DD-9079-893677750CB1}.Release|Any CPU.ActiveCfg = Release|Any CPU
		{D3F757F7-8E51-41DD-9079-893677750CB1}.Release|Any CPU.Build.0 = Release|Any CPU
		{D3F757F7-8E51-41DD-9079-893677750CB1}.Release|arm64.ActiveCfg = Release|Any CPU
		{D3F757F7-8E51-41DD-9079-893677750CB1}.Release|arm64.Build.0 = Release|Any CPU
		{D3F757F7-8E51-41DD-9079-893677750CB1}.Release|x64.ActiveCfg = Release|Any CPU
		{D3F757F7-8E51-41DD-9079-893677750CB1}.Release|x64.Build.0 = Release|Any CPU
		{D3F757F7-8E51-41DD-9079-893677750CB1}.Release|x86.ActiveCfg = Release|Any CPU
		{D3F757F7-8E51-41DD-9079-893677750CB1}.Release|x86.Build.0 = Release|Any CPU
		{9E958CE2-A420-4B72-909E-69FB344B7606}.Debug|Any CPU.ActiveCfg = Debug|Any CPU
		{9E958CE2-A420-4B72-909E-69FB344B7606}.Debug|Any CPU.Build.0 = Debug|Any CPU
		{9E958CE2-A420-4B72-909E-69FB344B7606}.Debug|arm64.ActiveCfg = Debug|Any CPU
		{9E958CE2-A420-4B72-909E-69FB344B7606}.Debug|arm64.Build.0 = Debug|Any CPU
		{9E958CE2-A420-4B72-909E-69FB344B7606}.Debug|x64.ActiveCfg = Debug|Any CPU
		{9E958CE2-A420-4B72-909E-69FB344B7606}.Debug|x64.Build.0 = Debug|Any CPU
		{9E958CE2-A420-4B72-909E-69FB344B7606}.Debug|x86.ActiveCfg = Debug|Any CPU
		{9E958CE2-A420-4B72-909E-69FB344B7606}.Debug|x86.Build.0 = Debug|Any CPU
		{9E958CE2-A420-4B72-909E-69FB344B7606}.Release|Any CPU.ActiveCfg = Release|Any CPU
		{9E958CE2-A420-4B72-909E-69FB344B7606}.Release|Any CPU.Build.0 = Release|Any CPU
		{9E958CE2-A420-4B72-909E-69FB344B7606}.Release|arm64.ActiveCfg = Release|Any CPU
		{9E958CE2-A420-4B72-909E-69FB344B7606}.Release|arm64.Build.0 = Release|Any CPU
		{9E958CE2-A420-4B72-909E-69FB344B7606}.Release|x64.ActiveCfg = Release|Any CPU
		{9E958CE2-A420-4B72-909E-69FB344B7606}.Release|x64.Build.0 = Release|Any CPU
		{9E958CE2-A420-4B72-909E-69FB344B7606}.Release|x86.ActiveCfg = Release|Any CPU
		{9E958CE2-A420-4B72-909E-69FB344B7606}.Release|x86.Build.0 = Release|Any CPU
		{847646C4-3D93-4CE3-9CEB-BFD87174C0F5}.Debug|Any CPU.ActiveCfg = Debug|Any CPU
		{847646C4-3D93-4CE3-9CEB-BFD87174C0F5}.Debug|Any CPU.Build.0 = Debug|Any CPU
		{847646C4-3D93-4CE3-9CEB-BFD87174C0F5}.Debug|arm64.ActiveCfg = Debug|Any CPU
		{847646C4-3D93-4CE3-9CEB-BFD87174C0F5}.Debug|arm64.Build.0 = Debug|Any CPU
		{847646C4-3D93-4CE3-9CEB-BFD87174C0F5}.Debug|x64.ActiveCfg = Debug|Any CPU
		{847646C4-3D93-4CE3-9CEB-BFD87174C0F5}.Debug|x64.Build.0 = Debug|Any CPU
		{847646C4-3D93-4CE3-9CEB-BFD87174C0F5}.Debug|x86.ActiveCfg = Debug|Any CPU
		{847646C4-3D93-4CE3-9CEB-BFD87174C0F5}.Debug|x86.Build.0 = Debug|Any CPU
		{847646C4-3D93-4CE3-9CEB-BFD87174C0F5}.Release|Any CPU.ActiveCfg = Release|Any CPU
		{847646C4-3D93-4CE3-9CEB-BFD87174C0F5}.Release|Any CPU.Build.0 = Release|Any CPU
		{847646C4-3D93-4CE3-9CEB-BFD87174C0F5}.Release|arm64.ActiveCfg = Release|Any CPU
		{847646C4-3D93-4CE3-9CEB-BFD87174C0F5}.Release|arm64.Build.0 = Release|Any CPU
		{847646C4-3D93-4CE3-9CEB-BFD87174C0F5}.Release|x64.ActiveCfg = Release|Any CPU
		{847646C4-3D93-4CE3-9CEB-BFD87174C0F5}.Release|x64.Build.0 = Release|Any CPU
		{847646C4-3D93-4CE3-9CEB-BFD87174C0F5}.Release|x86.ActiveCfg = Release|Any CPU
		{847646C4-3D93-4CE3-9CEB-BFD87174C0F5}.Release|x86.Build.0 = Release|Any CPU
	EndGlobalSection
	GlobalSection(SolutionProperties) = preSolution
		HideSolutionNode = FALSE
	EndGlobalSection
	GlobalSection(NestedProjects) = preSolution
		{3EDA3EAD-176F-4E00-B3D5-966E684E0C9E} = {086CDAC6-2730-4F09-BA28-B41F737E6C4D}
		{1B9044F7-7332-4803-8F9F-5ED6B056DBD4} = {DA5AA2CC-F4FE-4C7F-B751-F4E6E50B78B5}
		{F2ACE2B7-1599-4769-8FF4-41FA03B25D26} = {DA5AA2CC-F4FE-4C7F-B751-F4E6E50B78B5}
		{F39F513C-C0C6-4038-8279-1CB1FF24A666} = {66BC1E2B-D99A-49E2-8B8F-EF7851493CB0}
		{E9A65D92-A183-4A99-B840-C237833E10F1} = {DA5AA2CC-F4FE-4C7F-B751-F4E6E50B78B5}
		{9C1735AF-65EA-4F26-8021-E4333B075F43} = {086CDAC6-2730-4F09-BA28-B41F737E6C4D}
		{D3F757F7-8E51-41DD-9079-893677750CB1} = {F2ACE2B7-1599-4769-8FF4-41FA03B25D26}
		{9E958CE2-A420-4B72-909E-69FB344B7606} = {F2ACE2B7-1599-4769-8FF4-41FA03B25D26}
		{847646C4-3D93-4CE3-9CEB-BFD87174C0F5} = {F2ACE2B7-1599-4769-8FF4-41FA03B25D26}
	EndGlobalSection
	GlobalSection(ExtensibilityGlobals) = postSolution
		SolutionGuid = {A1906FD8-BB54-4688-BC0F-9ED7532D2CB0}
	EndGlobalSection
EndGlobal
