
Microsoft Visual Studio Solution File, Format Version 12.00
# Visual Studio Version 17
VisualStudioVersion = 17.0.32014.148
MinimumVisualStudioVersion = 10.0.40219.1
Project("{9A19103F-16F7-4668-BE54-9A1E7A4F7556}") = "SecureFolderFS.CLI", "SecureFolderFS.CLI\SecureFolderFS.CLI.csproj", "{8C21AC3E-EC01-43AE-B215-BD3E5932E73F}"
EndProject
Project("{2150E333-8FDC-42A3-9474-1A3956D46DE8}") = "SecureFolderFS.UI", "SecureFolderFS.UI", "{66BC1E2B-D99A-49E2-8B8F-EF7851493CB0}"
EndProject
Project("{9A19103F-16F7-4668-BE54-9A1E7A4F7556}") = "SecureFolderFS.WinUI", "SecureFolderFS.WinUI\SecureFolderFS.WinUI.csproj", "{CF1D02FA-B9CF-4920-884B-4D30545BC2F3}"
EndProject
Project("{9A19103F-16F7-4668-BE54-9A1E7A4F7556}") = "SecureFolderFS.Backend", "SecureFolderFS.Backend\SecureFolderFS.Backend.csproj", "{3EDA3EAD-176F-4E00-B3D5-966E684E0C9E}"
EndProject
Project("{9A19103F-16F7-4668-BE54-9A1E7A4F7556}") = "SecureFolderFS.Core", "SecureFolderFS.Core\SecureFolderFS.Core.csproj", "{1B9044F7-7332-4803-8F9F-5ED6B056DBD4}"
EndProject
Project("{2150E333-8FDC-42A3-9474-1A3956D46DE8}") = "SecureFolderFS.API", "SecureFolderFS.API", "{DA5AA2CC-F4FE-4C7F-B751-F4E6E50B78B5}"
EndProject
Project("{FAE04EC0-301F-11D3-BF4B-00C04F79EFBC}") = "SecureFolderFS.Shared", "SecureFolderFS.Shared\SecureFolderFS.Shared.csproj", "{AD6D47C4-FCEE-4638-B667-403DD16E5824}"
EndProject
Project("{FAE04EC0-301F-11D3-BF4B-00C04F79EFBC}") = "SecureFolderFS.Sdk", "SecureFolderFS.Sdk\SecureFolderFS.Sdk.csproj", "{5150D6BC-F66C-4F83-9756-CB334B68C447}"
EndProject
Global
	GlobalSection(SolutionConfigurationPlatforms) = preSolution
		Debug|Any CPU = Debug|Any CPU
		Debug|arm64 = Debug|arm64
		Debug|x64 = Debug|x64
		Debug|x86 = Debug|x86
		Release|Any CPU = Release|Any CPU
		Release|arm64 = Release|arm64
		Release|x64 = Release|x64
		Release|x86 = Release|x86
	EndGlobalSection
	GlobalSection(ProjectConfigurationPlatforms) = postSolution
		{8C21AC3E-EC01-43AE-B215-BD3E5932E73F}.Debug|Any CPU.ActiveCfg = Debug|Any CPU
		{8C21AC3E-EC01-43AE-B215-BD3E5932E73F}.Debug|Any CPU.Build.0 = Debug|Any CPU
		{8C21AC3E-EC01-43AE-B215-BD3E5932E73F}.Debug|arm64.ActiveCfg = Debug|Any CPU
		{8C21AC3E-EC01-43AE-B215-BD3E5932E73F}.Debug|arm64.Build.0 = Debug|Any CPU
		{8C21AC3E-EC01-43AE-B215-BD3E5932E73F}.Debug|x64.ActiveCfg = Debug|x64
		{8C21AC3E-EC01-43AE-B215-BD3E5932E73F}.Debug|x64.Build.0 = Debug|x64
		{8C21AC3E-EC01-43AE-B215-BD3E5932E73F}.Debug|x86.ActiveCfg = Debug|Any CPU
		{8C21AC3E-EC01-43AE-B215-BD3E5932E73F}.Debug|x86.Build.0 = Debug|Any CPU
		{8C21AC3E-EC01-43AE-B215-BD3E5932E73F}.Release|Any CPU.ActiveCfg = Release|Any CPU
		{8C21AC3E-EC01-43AE-B215-BD3E5932E73F}.Release|Any CPU.Build.0 = Release|Any CPU
		{8C21AC3E-EC01-43AE-B215-BD3E5932E73F}.Release|arm64.ActiveCfg = Release|Any CPU
		{8C21AC3E-EC01-43AE-B215-BD3E5932E73F}.Release|arm64.Build.0 = Release|Any CPU
		{8C21AC3E-EC01-43AE-B215-BD3E5932E73F}.Release|x64.ActiveCfg = Release|x64
		{8C21AC3E-EC01-43AE-B215-BD3E5932E73F}.Release|x64.Build.0 = Release|x64
		{8C21AC3E-EC01-43AE-B215-BD3E5932E73F}.Release|x86.ActiveCfg = Release|Any CPU
		{8C21AC3E-EC01-43AE-B215-BD3E5932E73F}.Release|x86.Build.0 = Release|Any CPU
		{CF1D02FA-B9CF-4920-884B-4D30545BC2F3}.Debug|Any CPU.ActiveCfg = Debug|x64
		{CF1D02FA-B9CF-4920-884B-4D30545BC2F3}.Debug|Any CPU.Build.0 = Debug|x64
		{CF1D02FA-B9CF-4920-884B-4D30545BC2F3}.Debug|Any CPU.Deploy.0 = Debug|x64
		{CF1D02FA-B9CF-4920-884B-4D30545BC2F3}.Debug|arm64.ActiveCfg = Debug|arm64
		{CF1D02FA-B9CF-4920-884B-4D30545BC2F3}.Debug|arm64.Build.0 = Debug|arm64
		{CF1D02FA-B9CF-4920-884B-4D30545BC2F3}.Debug|arm64.Deploy.0 = Debug|arm64
		{CF1D02FA-B9CF-4920-884B-4D30545BC2F3}.Debug|x64.ActiveCfg = Debug|x64
		{CF1D02FA-B9CF-4920-884B-4D30545BC2F3}.Debug|x64.Build.0 = Debug|x64
		{CF1D02FA-B9CF-4920-884B-4D30545BC2F3}.Debug|x64.Deploy.0 = Debug|x64
		{CF1D02FA-B9CF-4920-884B-4D30545BC2F3}.Debug|x86.ActiveCfg = Debug|x86
		{CF1D02FA-B9CF-4920-884B-4D30545BC2F3}.Debug|x86.Build.0 = Debug|x86
		{CF1D02FA-B9CF-4920-884B-4D30545BC2F3}.Debug|x86.Deploy.0 = Debug|x86
		{CF1D02FA-B9CF-4920-884B-4D30545BC2F3}.Release|Any CPU.ActiveCfg = Release|x64
		{CF1D02FA-B9CF-4920-884B-4D30545BC2F3}.Release|Any CPU.Build.0 = Release|x64
		{CF1D02FA-B9CF-4920-884B-4D30545BC2F3}.Release|Any CPU.Deploy.0 = Release|x64
		{CF1D02FA-B9CF-4920-884B-4D30545BC2F3}.Release|arm64.ActiveCfg = Release|arm64
		{CF1D02FA-B9CF-4920-884B-4D30545BC2F3}.Release|arm64.Build.0 = Release|arm64
		{CF1D02FA-B9CF-4920-884B-4D30545BC2F3}.Release|arm64.Deploy.0 = Release|arm64
		{CF1D02FA-B9CF-4920-884B-4D30545BC2F3}.Release|x64.ActiveCfg = Release|x64
		{CF1D02FA-B9CF-4920-884B-4D30545BC2F3}.Release|x64.Build.0 = Release|x64
		{CF1D02FA-B9CF-4920-884B-4D30545BC2F3}.Release|x64.Deploy.0 = Release|x64
		{CF1D02FA-B9CF-4920-884B-4D30545BC2F3}.Release|x86.ActiveCfg = Release|x86
		{CF1D02FA-B9CF-4920-884B-4D30545BC2F3}.Release|x86.Build.0 = Release|x86
		{CF1D02FA-B9CF-4920-884B-4D30545BC2F3}.Release|x86.Deploy.0 = Release|x86
		{3EDA3EAD-176F-4E00-B3D5-966E684E0C9E}.Debug|Any CPU.ActiveCfg = Debug|Any CPU
		{3EDA3EAD-176F-4E00-B3D5-966E684E0C9E}.Debug|Any CPU.Build.0 = Debug|Any CPU
		{3EDA3EAD-176F-4E00-B3D5-966E684E0C9E}.Debug|arm64.ActiveCfg = Debug|Any CPU
		{3EDA3EAD-176F-4E00-B3D5-966E684E0C9E}.Debug|arm64.Build.0 = Debug|Any CPU
		{3EDA3EAD-176F-4E00-B3D5-966E684E0C9E}.Debug|x64.ActiveCfg = Debug|Any CPU
		{3EDA3EAD-176F-4E00-B3D5-966E684E0C9E}.Debug|x64.Build.0 = Debug|Any CPU
		{3EDA3EAD-176F-4E00-B3D5-966E684E0C9E}.Debug|x86.ActiveCfg = Debug|Any CPU
		{3EDA3EAD-176F-4E00-B3D5-966E684E0C9E}.Debug|x86.Build.0 = Debug|Any CPU
		{3EDA3EAD-176F-4E00-B3D5-966E684E0C9E}.Release|Any CPU.ActiveCfg = Release|Any CPU
		{3EDA3EAD-176F-4E00-B3D5-966E684E0C9E}.Release|Any CPU.Build.0 = Release|Any CPU
		{3EDA3EAD-176F-4E00-B3D5-966E684E0C9E}.Release|arm64.ActiveCfg = Release|Any CPU
		{3EDA3EAD-176F-4E00-B3D5-966E684E0C9E}.Release|arm64.Build.0 = Release|Any CPU
		{3EDA3EAD-176F-4E00-B3D5-966E684E0C9E}.Release|x64.ActiveCfg = Release|Any CPU
		{3EDA3EAD-176F-4E00-B3D5-966E684E0C9E}.Release|x64.Build.0 = Release|Any CPU
		{3EDA3EAD-176F-4E00-B3D5-966E684E0C9E}.Release|x86.ActiveCfg = Release|Any CPU
		{3EDA3EAD-176F-4E00-B3D5-966E684E0C9E}.Release|x86.Build.0 = Release|Any CPU
		{1B9044F7-7332-4803-8F9F-5ED6B056DBD4}.Debug|Any CPU.ActiveCfg = Debug|Any CPU
		{1B9044F7-7332-4803-8F9F-5ED6B056DBD4}.Debug|Any CPU.Build.0 = Debug|Any CPU
		{1B9044F7-7332-4803-8F9F-5ED6B056DBD4}.Debug|arm64.ActiveCfg = Debug|Any CPU
		{1B9044F7-7332-4803-8F9F-5ED6B056DBD4}.Debug|arm64.Build.0 = Debug|Any CPU
		{1B9044F7-7332-4803-8F9F-5ED6B056DBD4}.Debug|x64.ActiveCfg = Debug|x64
		{1B9044F7-7332-4803-8F9F-5ED6B056DBD4}.Debug|x64.Build.0 = Debug|x64
		{1B9044F7-7332-4803-8F9F-5ED6B056DBD4}.Debug|x86.ActiveCfg = Debug|Any CPU
		{1B9044F7-7332-4803-8F9F-5ED6B056DBD4}.Debug|x86.Build.0 = Debug|Any CPU
		{1B9044F7-7332-4803-8F9F-5ED6B056DBD4}.Release|Any CPU.ActiveCfg = Release|Any CPU
		{1B9044F7-7332-4803-8F9F-5ED6B056DBD4}.Release|Any CPU.Build.0 = Release|Any CPU
		{1B9044F7-7332-4803-8F9F-5ED6B056DBD4}.Release|arm64.ActiveCfg = Release|Any CPU
		{1B9044F7-7332-4803-8F9F-5ED6B056DBD4}.Release|arm64.Build.0 = Release|Any CPU
		{1B9044F7-7332-4803-8F9F-5ED6B056DBD4}.Release|x64.ActiveCfg = Release|x64
		{1B9044F7-7332-4803-8F9F-5ED6B056DBD4}.Release|x64.Build.0 = Release|x64
		{1B9044F7-7332-4803-8F9F-5ED6B056DBD4}.Release|x86.ActiveCfg = Release|Any CPU
		{1B9044F7-7332-4803-8F9F-5ED6B056DBD4}.Release|x86.Build.0 = Release|Any CPU
		{AD6D47C4-FCEE-4638-B667-403DD16E5824}.Debug|Any CPU.ActiveCfg = Debug|Any CPU
		{AD6D47C4-FCEE-4638-B667-403DD16E5824}.Debug|Any CPU.Build.0 = Debug|Any CPU
		{AD6D47C4-FCEE-4638-B667-403DD16E5824}.Debug|arm64.ActiveCfg = Debug|Any CPU
		{AD6D47C4-FCEE-4638-B667-403DD16E5824}.Debug|arm64.Build.0 = Debug|Any CPU
		{AD6D47C4-FCEE-4638-B667-403DD16E5824}.Debug|x64.ActiveCfg = Debug|Any CPU
		{AD6D47C4-FCEE-4638-B667-403DD16E5824}.Debug|x64.Build.0 = Debug|Any CPU
		{AD6D47C4-FCEE-4638-B667-403DD16E5824}.Debug|x86.ActiveCfg = Debug|Any CPU
		{AD6D47C4-FCEE-4638-B667-403DD16E5824}.Debug|x86.Build.0 = Debug|Any CPU
		{AD6D47C4-FCEE-4638-B667-403DD16E5824}.Release|Any CPU.ActiveCfg = Release|Any CPU
		{AD6D47C4-FCEE-4638-B667-403DD16E5824}.Release|Any CPU.Build.0 = Release|Any CPU
		{AD6D47C4-FCEE-4638-B667-403DD16E5824}.Release|arm64.ActiveCfg = Release|Any CPU
		{AD6D47C4-FCEE-4638-B667-403DD16E5824}.Release|arm64.Build.0 = Release|Any CPU
		{AD6D47C4-FCEE-4638-B667-403DD16E5824}.Release|x64.ActiveCfg = Release|Any CPU
		{AD6D47C4-FCEE-4638-B667-403DD16E5824}.Release|x64.Build.0 = Release|Any CPU
		{AD6D47C4-FCEE-4638-B667-403DD16E5824}.Release|x86.ActiveCfg = Release|Any CPU
		{AD6D47C4-FCEE-4638-B667-403DD16E5824}.Release|x86.Build.0 = Release|Any CPU
		{5150D6BC-F66C-4F83-9756-CB334B68C447}.Debug|Any CPU.ActiveCfg = Debug|Any CPU
		{5150D6BC-F66C-4F83-9756-CB334B68C447}.Debug|Any CPU.Build.0 = Debug|Any CPU
		{5150D6BC-F66C-4F83-9756-CB334B68C447}.Debug|arm64.ActiveCfg = Debug|Any CPU
		{5150D6BC-F66C-4F83-9756-CB334B68C447}.Debug|arm64.Build.0 = Debug|Any CPU
		{5150D6BC-F66C-4F83-9756-CB334B68C447}.Debug|x64.ActiveCfg = Debug|Any CPU
		{5150D6BC-F66C-4F83-9756-CB334B68C447}.Debug|x64.Build.0 = Debug|Any CPU
		{5150D6BC-F66C-4F83-9756-CB334B68C447}.Debug|x86.ActiveCfg = Debug|Any CPU
		{5150D6BC-F66C-4F83-9756-CB334B68C447}.Debug|x86.Build.0 = Debug|Any CPU
		{5150D6BC-F66C-4F83-9756-CB334B68C447}.Release|Any CPU.ActiveCfg = Release|Any CPU
		{5150D6BC-F66C-4F83-9756-CB334B68C447}.Release|Any CPU.Build.0 = Release|Any CPU
		{5150D6BC-F66C-4F83-9756-CB334B68C447}.Release|arm64.ActiveCfg = Release|Any CPU
		{5150D6BC-F66C-4F83-9756-CB334B68C447}.Release|arm64.Build.0 = Release|Any CPU
		{5150D6BC-F66C-4F83-9756-CB334B68C447}.Release|x64.ActiveCfg = Release|Any CPU
		{5150D6BC-F66C-4F83-9756-CB334B68C447}.Release|x64.Build.0 = Release|Any CPU
		{5150D6BC-F66C-4F83-9756-CB334B68C447}.Release|x86.ActiveCfg = Release|Any CPU
		{5150D6BC-F66C-4F83-9756-CB334B68C447}.Release|x86.Build.0 = Release|Any CPU
	EndGlobalSection
	GlobalSection(SolutionProperties) = preSolution
		HideSolutionNode = FALSE
	EndGlobalSection
	GlobalSection(NestedProjects) = preSolution
		{CF1D02FA-B9CF-4920-884B-4D30545BC2F3} = {66BC1E2B-D99A-49E2-8B8F-EF7851493CB0}
		{3EDA3EAD-176F-4E00-B3D5-966E684E0C9E} = {66BC1E2B-D99A-49E2-8B8F-EF7851493CB0}
		{1B9044F7-7332-4803-8F9F-5ED6B056DBD4} = {DA5AA2CC-F4FE-4C7F-B751-F4E6E50B78B5}
		{5150D6BC-F66C-4F83-9756-CB334B68C447} = {DA5AA2CC-F4FE-4C7F-B751-F4E6E50B78B5}
	EndGlobalSection
	GlobalSection(ExtensibilityGlobals) = postSolution
		SolutionGuid = {A1906FD8-BB54-4688-BC0F-9ED7532D2CB0}
	EndGlobalSection
EndGlobal
