
Microsoft Visual Studio Solution File, Format Version 12.00
# Visual Studio Version 16
VisualStudioVersion = 16.0.29009.5
MinimumVisualStudioVersion = 10.0.40219.1
Project("{9A19103F-16F7-4668-BE54-9A1E7A4F7556}") = "Tmds.Fuse", "src\Tmds.Fuse\Tmds.Fuse.csproj", "{33D324A8-517E-47F9-A880-4D8EBB2C78ED}"
EndProject
Project("{9A19103F-16F7-4668-BE54-9A1E7A4F7556}") = "Mounter", "samples\Mounter\Mounter.csproj", "{6817E976-2987-46DD-BEB4-045EB307F040}"
EndProject
Project("{9A19103F-16F7-4668-BE54-9A1E7A4F7556}") = "Tmds.Fuse.Tests", "test\Tmds.Fuse.Tests\Tmds.Fuse.Tests.csproj", "{24933C09-1216-492A-85AE-1123986ECDC9}"
EndProject
Global
	GlobalSection(SolutionConfigurationPlatforms) = preSolution
		Debug|Any CPU = Debug|Any CPU
		Release|Any CPU = Release|Any CPU
	EndGlobalSection
	GlobalSection(ProjectConfigurationPlatforms) = postSolution
		{33D324A8-517E-47F9-A880-4D8EBB2C78ED}.Debug|Any CPU.ActiveCfg = Debug|Any CPU
		{33D324A8-517E-47F9-A880-4D8EBB2C78ED}.Debug|Any CPU.Build.0 = Debug|Any CPU
		{33D324A8-517E-47F9-A880-4D8EBB2C78ED}.Release|Any CPU.ActiveCfg = Release|Any CPU
		{33D324A8-517E-47F9-A880-4D8EBB2C78ED}.Release|Any CPU.Build.0 = Release|Any CPU
		{6817E976-2987-46DD-BEB4-045EB307F040}.Debug|Any CPU.ActiveCfg = Debug|Any CPU
		{6817E976-2987-46DD-BEB4-045EB307F040}.Debug|Any CPU.Build.0 = Debug|Any CPU
		{6817E976-2987-46DD-BEB4-045EB307F040}.Release|Any CPU.ActiveCfg = Release|Any CPU
		{6817E976-2987-46DD-BEB4-045EB307F040}.Release|Any CPU.Build.0 = Release|Any CPU
		{24933C09-1216-492A-85AE-1123986ECDC9}.Debug|Any CPU.ActiveCfg = Debug|Any CPU
		{24933C09-1216-492A-85AE-1123986ECDC9}.Debug|Any CPU.Build.0 = Debug|Any CPU
		{24933C09-1216-492A-85AE-1123986ECDC9}.Release|Any CPU.ActiveCfg = Release|Any CPU
		{24933C09-1216-492A-85AE-1123986ECDC9}.Release|Any CPU.Build.0 = Release|Any CPU
	EndGlobalSection
	GlobalSection(SolutionProperties) = preSolution
		HideSolutionNode = FALSE
	EndGlobalSection
	GlobalSection(ExtensibilityGlobals) = postSolution
		SolutionGuid = {8935D874-4027-4714-8FB2-407BF141DE0F}
	EndGlobalSection
EndGlobal
